Microsoft Visual Studio Solution File, Format Version 12.00
# Visual Studio Version 17
VisualStudioVersion = 17.5.2.0
MinimumVisualStudioVersion = 10.0.40219.1
Project("{FAE04EC0-301F-11D3-BF4B-00C04F79EFBC}") = "tl1-tp6-2025-ramiro-2k2", "tl1-tp6-2025-ramiro-2k2.csproj", "{8E010BB3-09A7-D67F-21E9-9B851DFC3CDE}"
EndProject
Global
	GlobalSection(SolutionConfigurationPlatforms) = preSolution
		Debug|Any CPU = Debug|Any CPU
		Release|Any CPU = Release|Any CPU
	EndGlobalSection
	GlobalSection(ProjectConfigurationPlatforms) = postSolution
		{8E010BB3-09A7-D67F-21E9-9B851DFC3CDE}.Debug|Any CPU.ActiveCfg = Debug|Any CPU
		{8E010BB3-09A7-D67F-21E9-9B851DFC3CDE}.Debug|Any CPU.Build.0 = Debug|Any CPU
		{8E010BB3-09A7-D67F-21E9-9B851DFC3CDE}.Release|Any CPU.ActiveCfg = Release|Any CPU
		{8E010BB3-09A7-D67F-21E9-9B851DFC3CDE}.Release|Any CPU.Build.0 = Release|Any CPU
	EndGlobalSection
	GlobalSection(SolutionProperties) = preSolution
		HideSolutionNode = FALSE
	EndGlobalSection
	GlobalSection(ExtensibilityGlobals) = postSolution
		SolutionGuid = {579D88A7-DB04-40C2-978A-31991AE6F027}
	EndGlobalSection
EndGlobal
